
Microsoft Visual Studio Solution File, Format Version 12.00
# Visual Studio 15
Project("{FAE04EC0-301F-11D3-BF4B-00C04F79EFBC}") = "Assembly-CSharp-firstpass", "Assembly-CSharp-firstpass.csproj", "{EC991187-9A2E-B2D2-8E59-C8E1525E4B61}"
EndProject
Project("{FAE04EC0-301F-11D3-BF4B-00C04F79EFBC}") = "Assembly-CSharp", "Assembly-CSharp.csproj", "{3EDF5E85-9269-F681-1749-0B7E25499EE9}"
EndProject
Project("{FAE04EC0-301F-11D3-BF4B-00C04F79EFBC}") = "Assembly-CSharp-Editor", "Assembly-CSharp-Editor.csproj", "{012675F7-D233-764D-ECAC-6D92A0350FE6}"
EndProject
Project("{FAE04EC0-301F-11D3-BF4B-00C04F79EFBC}") = "Assembly-CSharp-Editor-firstpass", "Assembly-CSharp-Editor-firstpass.csproj", "{969E894E-E8A1-5AA6-A345-F19E7DE627CF}"
EndProject
Global
	GlobalSection(SolutionConfigurationPlatforms) = preSolution
		Debug|Any CPU = Debug|Any CPU
		Release|Any CPU = Release|Any CPU
	EndGlobalSection
	GlobalSection(ProjectConfigurationPlatforms) = postSolution
		{EC991187-9A2E-B2D2-8E59-C8E1525E4B61}.Debug|Any CPU.ActiveCfg = Debug|Any CPU
		{EC991187-9A2E-B2D2-8E59-C8E1525E4B61}.Debug|Any CPU.Build.0 = Debug|Any CPU
		{EC991187-9A2E-B2D2-8E59-C8E1525E4B61}.Release|Any CPU.ActiveCfg = Release|Any CPU
		{EC991187-9A2E-B2D2-8E59-C8E1525E4B61}.Release|Any CPU.Build.0 = Release|Any CPU
		{3EDF5E85-9269-F681-1749-0B7E25499EE9}.Debug|Any CPU.ActiveCfg = Debug|Any CPU
		{3EDF5E85-9269-F681-1749-0B7E25499EE9}.Debug|Any CPU.Build.0 = Debug|Any CPU
		{3EDF5E85-9269-F681-1749-0B7E25499EE9}.Release|Any CPU.ActiveCfg = Release|Any CPU
		{3EDF5E85-9269-F681-1749-0B7E25499EE9}.Release|Any CPU.Build.0 = Release|Any CPU
		{012675F7-D233-764D-ECAC-6D92A0350FE6}.Debug|Any CPU.ActiveCfg = Debug|Any CPU
		{012675F7-D233-764D-ECAC-6D92A0350FE6}.Debug|Any CPU.Build.0 = Debug|Any CPU
		{012675F7-D233-764D-ECAC-6D92A0350FE6}.Release|Any CPU.ActiveCfg = Release|Any CPU
		{012675F7-D233-764D-ECAC-6D92A0350FE6}.Release|Any CPU.Build.0 = Release|Any CPU
		{969E894E-E8A1-5AA6-A345-F19E7DE627CF}.Debug|Any CPU.ActiveCfg = Debug|Any CPU
		{969E894E-E8A1-5AA6-A345-F19E7DE627CF}.Debug|Any CPU.Build.0 = Debug|Any CPU
		{969E894E-E8A1-5AA6-A345-F19E7DE627CF}.Release|Any CPU.ActiveCfg = Release|Any CPU
		{969E894E-E8A1-5AA6-A345-F19E7DE627CF}.Release|Any CPU.Build.0 = Release|Any CPU
	EndGlobalSection
	GlobalSection(SolutionProperties) = preSolution
		HideSolutionNode = FALSE
	EndGlobalSection
EndGlobal
